
Microsoft Visual Studio Solution File, Format Version 12.00
# Visual Studio 15
VisualStudioVersion = 15.0.28307.852
MinimumVisualStudioVersion = 10.0.40219.1
Project("{FAE04EC0-301F-11D3-BF4B-00C04F79EFBC}") = "KenLogistics.Web", "KenLogistics\KenLogistics.Web.csproj", "{4720AA89-9186-4562-84EE-8EC063BC5CF2}"
EndProject
Project("{FAE04EC0-301F-11D3-BF4B-00C04F79EFBC}") = "KenLogistics.Data", "KenLogistics.Data\KenLogistics.Data.csproj", "{1F027AEA-4C50-40E8-BB54-1068468283BD}"
EndProject
Project("{FAE04EC0-301F-11D3-BF4B-00C04F79EFBC}") = "KenLogistics.Infrastructure", "KenLogistics.Infrastructure\KenLogistics.Infrastructure.csproj", "{4D81DFA5-80A0-4E58-90F3-C1DF59707DA6}"
EndProject
Project("{FAE04EC0-301F-11D3-BF4B-00C04F79EFBC}") = "KenLogistics.Repository", "KenLogistics.Repository\KenLogistics.Repository.csproj", "{9D76AF15-7300-4EDB-87D8-F71567DD66A1}"
EndProject
Global
	GlobalSection(SolutionConfigurationPlatforms) = preSolution
		Debug|Any CPU = Debug|Any CPU
		Release|Any CPU = Release|Any CPU
	EndGlobalSection
	GlobalSection(ProjectConfigurationPlatforms) = postSolution
		{4720AA89-9186-4562-84EE-8EC063BC5CF2}.Debug|Any CPU.ActiveCfg = Debug|Any CPU
		{4720AA89-9186-4562-84EE-8EC063BC5CF2}.Debug|Any CPU.Build.0 = Debug|Any CPU
		{4720AA89-9186-4562-84EE-8EC063BC5CF2}.Release|Any CPU.ActiveCfg = Release|Any CPU
		{4720AA89-9186-4562-84EE-8EC063BC5CF2}.Release|Any CPU.Build.0 = Release|Any CPU
		{1F027AEA-4C50-40E8-BB54-1068468283BD}.Debug|Any CPU.ActiveCfg = Debug|Any CPU
		{1F027AEA-4C50-40E8-BB54-1068468283BD}.Debug|Any CPU.Build.0 = Debug|Any CPU
		{1F027AEA-4C50-40E8-BB54-1068468283BD}.Release|Any CPU.ActiveCfg = Release|Any CPU
		{1F027AEA-4C50-40E8-BB54-1068468283BD}.Release|Any CPU.Build.0 = Release|Any CPU
		{4D81DFA5-80A0-4E58-90F3-C1DF59707DA6}.Debug|Any CPU.ActiveCfg = Debug|Any CPU
		{4D81DFA5-80A0-4E58-90F3-C1DF59707DA6}.Debug|Any CPU.Build.0 = Debug|Any CPU
		{4D81DFA5-80A0-4E58-90F3-C1DF59707DA6}.Release|Any CPU.ActiveCfg = Release|Any CPU
		{4D81DFA5-80A0-4E58-90F3-C1DF59707DA6}.Release|Any CPU.Build.0 = Release|Any CPU
		{9D76AF15-7300-4EDB-87D8-F71567DD66A1}.Debug|Any CPU.ActiveCfg = Debug|Any CPU
		{9D76AF15-7300-4EDB-87D8-F71567DD66A1}.Debug|Any CPU.Build.0 = Debug|Any CPU
		{9D76AF15-7300-4EDB-87D8-F71567DD66A1}.Release|Any CPU.ActiveCfg = Release|Any CPU
		{9D76AF15-7300-4EDB-87D8-F71567DD66A1}.Release|Any CPU.Build.0 = Release|Any CPU
	EndGlobalSection
	GlobalSection(SolutionProperties) = preSolution
		HideSolutionNode = FALSE
	EndGlobalSection
	GlobalSection(ExtensibilityGlobals) = postSolution
		SolutionGuid = {6EF7508F-E4B4-4590-BC8B-A1FAAEBFED8B}
	EndGlobalSection
EndGlobal
